
Microsoft Visual Studio Solution File, Format Version 12.00
# Visual Studio 15
VisualStudioVersion = 15.0.27428.2005
MinimumVisualStudioVersion = 10.0.40219.1
Project("{FAE04EC0-301F-11D3-BF4B-00C04F79EFBC}") = "iLyric", "iLyric\iLyric.csproj", "{6ADE5475-5216-47C5-814B-C74058D5C158}"
EndProject
Global
	GlobalSection(SolutionConfigurationPlatforms) = preSolution
		Debug|Any CPU = Debug|Any CPU
		Release|Any CPU = Release|Any CPU
	EndGlobalSection
	GlobalSection(ProjectConfigurationPlatforms) = postSolution
		{6ADE5475-5216-47C5-814B-C74058D5C158}.Debug|Any CPU.ActiveCfg = Debug|Any CPU
		{6ADE5475-5216-47C5-814B-C74058D5C158}.Debug|Any CPU.Build.0 = Debug|Any CPU
		{6ADE5475-5216-47C5-814B-C74058D5C158}.Release|Any CPU.ActiveCfg = Release|Any CPU
		{6ADE5475-5216-47C5-814B-C74058D5C158}.Release|Any CPU.Build.0 = Release|Any CPU
	EndGlobalSection
	GlobalSection(SolutionProperties) = preSolution
		HideSolutionNode = FALSE
	EndGlobalSection
	GlobalSection(ExtensibilityGlobals) = postSolution
		SolutionGuid = {4CB2C809-1B7E-4BCD-934B-FE9D3594D869}
	EndGlobalSection
EndGlobal
